
Microsoft Visual Studio Solution File, Format Version 12.00
# Visual Studio Version 17
VisualStudioVersion = 17.14.36511.14 d17.14
MinimumVisualStudioVersion = 10.0.40219.1
Project("{FAE04EC0-301F-11D3-BF4B-00C04F79EFBC}") = "proyecto databases", "proyecto databases.csproj", "{07FDB52A-AFFE-4979-AB5C-2AEF2CF9E031}"
EndProject
Global
	GlobalSection(SolutionConfigurationPlatforms) = preSolution
		Debug|Any CPU = Debug|Any CPU
		Release|Any CPU = Release|Any CPU
	EndGlobalSection
	GlobalSection(ProjectConfigurationPlatforms) = postSolution
		{07FDB52A-AFFE-4979-AB5C-2AEF2CF9E031}.Debug|Any CPU.ActiveCfg = Debug|Any CPU
		{07FDB52A-AFFE-4979-AB5C-2AEF2CF9E031}.Debug|Any CPU.Build.0 = Debug|Any CPU
		{07FDB52A-AFFE-4979-AB5C-2AEF2CF9E031}.Release|Any CPU.ActiveCfg = Release|Any CPU
		{07FDB52A-AFFE-4979-AB5C-2AEF2CF9E031}.Release|Any CPU.Build.0 = Release|Any CPU
	EndGlobalSection
	GlobalSection(SolutionProperties) = preSolution
		HideSolutionNode = FALSE
	EndGlobalSection
	GlobalSection(ExtensibilityGlobals) = postSolution
		SolutionGuid = {2B503CED-F6E6-4128-B97F-4FBFB969FA1C}
	EndGlobalSection
EndGlobal
